
Microsoft Visual Studio Solution File, Format Version 12.00
# Visual Studio Version 17
VisualStudioVersion = 17.7.34202.233
MinimumVisualStudioVersion = 10.0.40219.1
Project("{FAE04EC0-301F-11D3-BF4B-00C04F79EFBC}") = "ApiCasoEstudio2", "ApiCasoEstudio2\ApiCasoEstudio2.csproj", "{4BD48A0C-2A2A-4C9E-83A7-71C779D0450A}"
EndProject
Global
	GlobalSection(SolutionConfigurationPlatforms) = preSolution
		Debug|Any CPU = Debug|Any CPU
		Release|Any CPU = Release|Any CPU
	EndGlobalSection
	GlobalSection(ProjectConfigurationPlatforms) = postSolution
		{4BD48A0C-2A2A-4C9E-83A7-71C779D0450A}.Debug|Any CPU.ActiveCfg = Debug|Any CPU
		{4BD48A0C-2A2A-4C9E-83A7-71C779D0450A}.Debug|Any CPU.Build.0 = Debug|Any CPU
		{4BD48A0C-2A2A-4C9E-83A7-71C779D0450A}.Release|Any CPU.ActiveCfg = Release|Any CPU
		{4BD48A0C-2A2A-4C9E-83A7-71C779D0450A}.Release|Any CPU.Build.0 = Release|Any CPU
	EndGlobalSection
	GlobalSection(SolutionProperties) = preSolution
		HideSolutionNode = FALSE
	EndGlobalSection
	GlobalSection(ExtensibilityGlobals) = postSolution
		SolutionGuid = {DE737882-9682-4017-87E3-F241C184FBFC}
	EndGlobalSection
EndGlobal
